
Microsoft Visual Studio Solution File, Format Version 12.00
# Visual Studio 2012
Project("{8BC9CEB8-8B4A-11D0-8D11-00A0C91BC942}") = "演讲比赛流程管理系统", "演讲比赛流程管理系统\演讲比赛流程管理系统.vcxproj", "{265A083F-E539-4FC5-9BAE-A2A008061C81}"
EndProject
Global
	GlobalSection(SolutionConfigurationPlatforms) = preSolution
		Debug|Win32 = Debug|Win32
		Release|Win32 = Release|Win32
	EndGlobalSection
	GlobalSection(ProjectConfigurationPlatforms) = postSolution
		{265A083F-E539-4FC5-9BAE-A2A008061C81}.Debug|Win32.ActiveCfg = Debug|Win32
		{265A083F-E539-4FC5-9BAE-A2A008061C81}.Debug|Win32.Build.0 = Debug|Win32
		{265A083F-E539-4FC5-9BAE-A2A008061C81}.Release|Win32.ActiveCfg = Release|Win32
		{265A083F-E539-4FC5-9BAE-A2A008061C81}.Release|Win32.Build.0 = Release|Win32
	EndGlobalSection
	GlobalSection(SolutionProperties) = preSolution
		HideSolutionNode = FALSE
	EndGlobalSection
EndGlobal
